
Microsoft Visual Studio Solution File, Format Version 12.00
# Visual Studio Version 17
VisualStudioVersion = 17.5.002.0
MinimumVisualStudioVersion = 10.0.40219.1
Project("{9A19103F-16F7-4668-BE54-9A1E7A4F7556}") = "hops", "Console\hops.csproj", "{3B6DCEDD-E9C7-49E7-A86E-3FDC2AD4F67E}"
EndProject
Project("{FAE04EC0-301F-11D3-BF4B-00C04F79EFBC}") = "Tools", "Tools\Tools.csproj", "{C925CBD3-B29A-4BA6-A614-68D594C0050C}"
EndProject
Project("{FAE04EC0-301F-11D3-BF4B-00C04F79EFBC}") = "Tests", "Tests\Tests.csproj", "{F7419259-6085-40FA-A102-F6CC0DA79F1B}"
EndProject
Global
	GlobalSection(SolutionConfigurationPlatforms) = preSolution
		Debug|Any CPU = Debug|Any CPU
		Release|Any CPU = Release|Any CPU
	EndGlobalSection
	GlobalSection(ProjectConfigurationPlatforms) = postSolution
		{3B6DCEDD-E9C7-49E7-A86E-3FDC2AD4F67E}.Debug|Any CPU.ActiveCfg = Debug|Any CPU
		{3B6DCEDD-E9C7-49E7-A86E-3FDC2AD4F67E}.Debug|Any CPU.Build.0 = Debug|Any CPU
		{3B6DCEDD-E9C7-49E7-A86E-3FDC2AD4F67E}.Release|Any CPU.ActiveCfg = Release|Any CPU
		{3B6DCEDD-E9C7-49E7-A86E-3FDC2AD4F67E}.Release|Any CPU.Build.0 = Release|Any CPU
		{C925CBD3-B29A-4BA6-A614-68D594C0050C}.Debug|Any CPU.ActiveCfg = Debug|Any CPU
		{C925CBD3-B29A-4BA6-A614-68D594C0050C}.Debug|Any CPU.Build.0 = Debug|Any CPU
		{C925CBD3-B29A-4BA6-A614-68D594C0050C}.Release|Any CPU.ActiveCfg = Release|Any CPU
		{C925CBD3-B29A-4BA6-A614-68D594C0050C}.Release|Any CPU.Build.0 = Release|Any CPU
		{F7419259-6085-40FA-A102-F6CC0DA79F1B}.Debug|Any CPU.ActiveCfg = Debug|Any CPU
		{F7419259-6085-40FA-A102-F6CC0DA79F1B}.Debug|Any CPU.Build.0 = Debug|Any CPU
		{F7419259-6085-40FA-A102-F6CC0DA79F1B}.Release|Any CPU.ActiveCfg = Release|Any CPU
		{F7419259-6085-40FA-A102-F6CC0DA79F1B}.Release|Any CPU.Build.0 = Release|Any CPU
	EndGlobalSection
	GlobalSection(SolutionProperties) = preSolution
		HideSolutionNode = FALSE
	EndGlobalSection
	GlobalSection(ExtensibilityGlobals) = postSolution
		SolutionGuid = {BBA116B3-C208-460C-ADEC-BF50A3E50D1E}
	EndGlobalSection
EndGlobal
